
Microsoft Visual Studio Solution File, Format Version 12.00
# Visual Studio Version 17
VisualStudioVersion = 17.11.35222.181
MinimumVisualStudioVersion = 10.0.40219.1
Project("{FAE04EC0-301F-11D3-BF4B-00C04F79EFBC}") = "task2", "task2.csproj", "{60BDD908-1F00-4F0D-964F-643AC14990E2}"
EndProject
Global
	GlobalSection(SolutionConfigurationPlatforms) = preSolution
		Debug|Any CPU = Debug|Any CPU
		Release|Any CPU = Release|Any CPU
	EndGlobalSection
	GlobalSection(ProjectConfigurationPlatforms) = postSolution
		{60BDD908-1F00-4F0D-964F-643AC14990E2}.Debug|Any CPU.ActiveCfg = Debug|Any CPU
		{60BDD908-1F00-4F0D-964F-643AC14990E2}.Debug|Any CPU.Build.0 = Debug|Any CPU
		{60BDD908-1F00-4F0D-964F-643AC14990E2}.Release|Any CPU.ActiveCfg = Release|Any CPU
		{60BDD908-1F00-4F0D-964F-643AC14990E2}.Release|Any CPU.Build.0 = Release|Any CPU
	EndGlobalSection
	GlobalSection(SolutionProperties) = preSolution
		HideSolutionNode = FALSE
	EndGlobalSection
	GlobalSection(ExtensibilityGlobals) = postSolution
		SolutionGuid = {2A90E0F3-A38D-4FBC-8456-4022956DBC75}
	EndGlobalSection
EndGlobal
